
Microsoft Visual Studio Solution File, Format Version 12.00
# Visual Studio 15
VisualStudioVersion = 15.0.26403.0
MinimumVisualStudioVersion = 10.0.40219.1
Project("{FAE04EC0-301F-11D3-BF4B-00C04F79EFBC}") = "NSpeedTest", "NSpeedTest\NSpeedTest.csproj", "{B1886B34-0DE4-4C16-8073-CC12E7571D58}"
EndProject
Project("{FAE04EC0-301F-11D3-BF4B-00C04F79EFBC}") = "NSpeedTest.Tests", "NSpeedTest.Tests\NSpeedTest.Tests.csproj", "{33672FA6-5014-4BA0-B9A8-62CA932701C0}"
EndProject
Project("{FAE04EC0-301F-11D3-BF4B-00C04F79EFBC}") = "NSpeedTest.Client", "NSpeedTest.Client\NSpeedTest.Client.csproj", "{E82DE6B4-CD53-4B05-97D7-6C490F4F64A7}"
EndProject
Project("{FAE04EC0-301F-11D3-BF4B-00C04F79EFBC}") = "NSpeedTest.Standard", "NSpeedTest.Standard\NSpeedTest.Standard.csproj", "{03CD46AF-C6FB-4E5A-8082-2FF2140CD5CE}"
EndProject
Project("{FAE04EC0-301F-11D3-BF4B-00C04F79EFBC}") = "NSpeedTest.StandardClient", "NSpeedTest.StandardClient\NSpeedTest.StandardClient.csproj", "{9150C07B-FDE7-44F8-BB12-7CDD4D4FCEC9}"
EndProject
Global
	GlobalSection(SolutionConfigurationPlatforms) = preSolution
		Debug|Any CPU = Debug|Any CPU
		Release|Any CPU = Release|Any CPU
	EndGlobalSection
	GlobalSection(ProjectConfigurationPlatforms) = postSolution
		{B1886B34-0DE4-4C16-8073-CC12E7571D58}.Debug|Any CPU.ActiveCfg = Debug|Any CPU
		{B1886B34-0DE4-4C16-8073-CC12E7571D58}.Debug|Any CPU.Build.0 = Debug|Any CPU
		{B1886B34-0DE4-4C16-8073-CC12E7571D58}.Release|Any CPU.ActiveCfg = Release|Any CPU
		{B1886B34-0DE4-4C16-8073-CC12E7571D58}.Release|Any CPU.Build.0 = Release|Any CPU
		{33672FA6-5014-4BA0-B9A8-62CA932701C0}.Debug|Any CPU.ActiveCfg = Debug|Any CPU
		{33672FA6-5014-4BA0-B9A8-62CA932701C0}.Debug|Any CPU.Build.0 = Debug|Any CPU
		{33672FA6-5014-4BA0-B9A8-62CA932701C0}.Release|Any CPU.ActiveCfg = Release|Any CPU
		{33672FA6-5014-4BA0-B9A8-62CA932701C0}.Release|Any CPU.Build.0 = Release|Any CPU
		{E82DE6B4-CD53-4B05-97D7-6C490F4F64A7}.Debug|Any CPU.ActiveCfg = Debug|Any CPU
		{E82DE6B4-CD53-4B05-97D7-6C490F4F64A7}.Debug|Any CPU.Build.0 = Debug|Any CPU
		{E82DE6B4-CD53-4B05-97D7-6C490F4F64A7}.Release|Any CPU.ActiveCfg = Release|Any CPU
		{E82DE6B4-CD53-4B05-97D7-6C490F4F64A7}.Release|Any CPU.Build.0 = Release|Any CPU
		{03CD46AF-C6FB-4E5A-8082-2FF2140CD5CE}.Debug|Any CPU.ActiveCfg = Debug|Any CPU
		{03CD46AF-C6FB-4E5A-8082-2FF2140CD5CE}.Debug|Any CPU.Build.0 = Debug|Any CPU
		{03CD46AF-C6FB-4E5A-8082-2FF2140CD5CE}.Release|Any CPU.ActiveCfg = Release|Any CPU
		{03CD46AF-C6FB-4E5A-8082-2FF2140CD5CE}.Release|Any CPU.Build.0 = Release|Any CPU
		{9150C07B-FDE7-44F8-BB12-7CDD4D4FCEC9}.Debug|Any CPU.ActiveCfg = Debug|Any CPU
		{9150C07B-FDE7-44F8-BB12-7CDD4D4FCEC9}.Debug|Any CPU.Build.0 = Debug|Any CPU
		{9150C07B-FDE7-44F8-BB12-7CDD4D4FCEC9}.Release|Any CPU.ActiveCfg = Release|Any CPU
		{9150C07B-FDE7-44F8-BB12-7CDD4D4FCEC9}.Release|Any CPU.Build.0 = Release|Any CPU
	EndGlobalSection
	GlobalSection(SolutionProperties) = preSolution
		HideSolutionNode = FALSE
	EndGlobalSection
EndGlobal
